
Microsoft Visual Studio Solution File, Format Version 12.00
# Visual Studio Version 17
VisualStudioVersion = 17.4.33122.133
MinimumVisualStudioVersion = 10.0.40219.1
Project("{9A19103F-16F7-4668-BE54-9A1E7A4F7556}") = "bs.Frmwrk.Core", "bs.Frmwrk.Core\bs.Frmwrk.Core.csproj", "{79AF800D-ACF2-4AC2-86BF-585A415E3DEF}"
EndProject
Project("{9A19103F-16F7-4668-BE54-9A1E7A4F7556}") = "bs.Frmwrk.Auth", "bs.Frmwrk.Auth\bs.Frmwrk.Auth.csproj", "{175A9B6B-02DE-425D-956B-0A50335BEB10}"
EndProject
Project("{9A19103F-16F7-4668-BE54-9A1E7A4F7556}") = "bs.Frmwrk.Datatables", "bs.Frmwrk.Datatables\bs.Frmwrk.Datatables.csproj", "{E75793BC-6BD8-4E3C-B818-9AEEAE185B4B}"
EndProject
Project("{9A19103F-16F7-4668-BE54-9A1E7A4F7556}") = "bs.Frmwrk.Shared", "bs.Frmwrk.Shared\bs.Frmwrk.Shared.csproj", "{CA2848ED-7790-423D-A8B1-778A5D80F329}"
EndProject
Project("{9A19103F-16F7-4668-BE54-9A1E7A4F7556}") = "bs.Frmwrk.Base", "bs.Frmwrk.Base\bs.Frmwrk.Base.csproj", "{7347257D-5B6D-42DC-9610-ACA3D5783FBB}"
EndProject
Project("{9A19103F-16F7-4668-BE54-9A1E7A4F7556}") = "bs.Frmwrk.Security", "bs.Frmwrk.Security\bs.Frmwrk.Security.csproj", "{33F1C1DB-F228-411D-86D4-28DB31213B9B}"
EndProject
Project("{9A19103F-16F7-4668-BE54-9A1E7A4F7556}") = "bs.Frmwrk.Test", "bs.Frmwrk.Test\bs.Frmwrk.Test.csproj", "{564101B4-6684-4445-BBCD-9188451F1501}"
EndProject
Project("{9A19103F-16F7-4668-BE54-9A1E7A4F7556}") = "bs.Frmwrk.Application", "bs.Frmwrk.Application\bs.Frmwrk.Application.csproj", "{69A022A7-8E5D-4360-83E6-C5593D4FC4AE}"
EndProject
Project("{FAE04EC0-301F-11D3-BF4B-00C04F79EFBC}") = "bs.Frmwrk.Locale", "bs.Frmwrk.Locale\bs.Frmwrk.Locale.csproj", "{626AC574-4702-4BE2-8CDF-1FA8F3988971}"
EndProject
Global
	GlobalSection(SolutionConfigurationPlatforms) = preSolution
		Debug|Any CPU = Debug|Any CPU
		Release|Any CPU = Release|Any CPU
	EndGlobalSection
	GlobalSection(ProjectConfigurationPlatforms) = postSolution
		{79AF800D-ACF2-4AC2-86BF-585A415E3DEF}.Debug|Any CPU.ActiveCfg = Debug|Any CPU
		{79AF800D-ACF2-4AC2-86BF-585A415E3DEF}.Debug|Any CPU.Build.0 = Debug|Any CPU
		{79AF800D-ACF2-4AC2-86BF-585A415E3DEF}.Release|Any CPU.ActiveCfg = Release|Any CPU
		{79AF800D-ACF2-4AC2-86BF-585A415E3DEF}.Release|Any CPU.Build.0 = Release|Any CPU
		{175A9B6B-02DE-425D-956B-0A50335BEB10}.Debug|Any CPU.ActiveCfg = Debug|Any CPU
		{175A9B6B-02DE-425D-956B-0A50335BEB10}.Debug|Any CPU.Build.0 = Debug|Any CPU
		{175A9B6B-02DE-425D-956B-0A50335BEB10}.Release|Any CPU.ActiveCfg = Release|Any CPU
		{175A9B6B-02DE-425D-956B-0A50335BEB10}.Release|Any CPU.Build.0 = Release|Any CPU
		{E75793BC-6BD8-4E3C-B818-9AEEAE185B4B}.Debug|Any CPU.ActiveCfg = Debug|Any CPU
		{E75793BC-6BD8-4E3C-B818-9AEEAE185B4B}.Debug|Any CPU.Build.0 = Debug|Any CPU
		{E75793BC-6BD8-4E3C-B818-9AEEAE185B4B}.Release|Any CPU.ActiveCfg = Release|Any CPU
		{E75793BC-6BD8-4E3C-B818-9AEEAE185B4B}.Release|Any CPU.Build.0 = Release|Any CPU
		{CA2848ED-7790-423D-A8B1-778A5D80F329}.Debug|Any CPU.ActiveCfg = Debug|Any CPU
		{CA2848ED-7790-423D-A8B1-778A5D80F329}.Debug|Any CPU.Build.0 = Debug|Any CPU
		{CA2848ED-7790-423D-A8B1-778A5D80F329}.Release|Any CPU.ActiveCfg = Release|Any CPU
		{CA2848ED-7790-423D-A8B1-778A5D80F329}.Release|Any CPU.Build.0 = Release|Any CPU
		{7347257D-5B6D-42DC-9610-ACA3D5783FBB}.Debug|Any CPU.ActiveCfg = Debug|Any CPU
		{7347257D-5B6D-42DC-9610-ACA3D5783FBB}.Debug|Any CPU.Build.0 = Debug|Any CPU
		{7347257D-5B6D-42DC-9610-ACA3D5783FBB}.Release|Any CPU.ActiveCfg = Release|Any CPU
		{7347257D-5B6D-42DC-9610-ACA3D5783FBB}.Release|Any CPU.Build.0 = Release|Any CPU
		{33F1C1DB-F228-411D-86D4-28DB31213B9B}.Debug|Any CPU.ActiveCfg = Debug|Any CPU
		{33F1C1DB-F228-411D-86D4-28DB31213B9B}.Debug|Any CPU.Build.0 = Debug|Any CPU
		{33F1C1DB-F228-411D-86D4-28DB31213B9B}.Release|Any CPU.ActiveCfg = Release|Any CPU
		{33F1C1DB-F228-411D-86D4-28DB31213B9B}.Release|Any CPU.Build.0 = Release|Any CPU
		{564101B4-6684-4445-BBCD-9188451F1501}.Debug|Any CPU.ActiveCfg = Debug|Any CPU
		{564101B4-6684-4445-BBCD-9188451F1501}.Debug|Any CPU.Build.0 = Debug|Any CPU
		{564101B4-6684-4445-BBCD-9188451F1501}.Release|Any CPU.ActiveCfg = Release|Any CPU
		{564101B4-6684-4445-BBCD-9188451F1501}.Release|Any CPU.Build.0 = Release|Any CPU
		{69A022A7-8E5D-4360-83E6-C5593D4FC4AE}.Debug|Any CPU.ActiveCfg = Debug|Any CPU
		{69A022A7-8E5D-4360-83E6-C5593D4FC4AE}.Debug|Any CPU.Build.0 = Debug|Any CPU
		{69A022A7-8E5D-4360-83E6-C5593D4FC4AE}.Release|Any CPU.ActiveCfg = Release|Any CPU
		{69A022A7-8E5D-4360-83E6-C5593D4FC4AE}.Release|Any CPU.Build.0 = Release|Any CPU
		{626AC574-4702-4BE2-8CDF-1FA8F3988971}.Debug|Any CPU.ActiveCfg = Debug|Any CPU
		{626AC574-4702-4BE2-8CDF-1FA8F3988971}.Debug|Any CPU.Build.0 = Debug|Any CPU
		{626AC574-4702-4BE2-8CDF-1FA8F3988971}.Release|Any CPU.ActiveCfg = Release|Any CPU
		{626AC574-4702-4BE2-8CDF-1FA8F3988971}.Release|Any CPU.Build.0 = Release|Any CPU
	EndGlobalSection
	GlobalSection(SolutionProperties) = preSolution
		HideSolutionNode = FALSE
	EndGlobalSection
	GlobalSection(ExtensibilityGlobals) = postSolution
		SolutionGuid = {929100E8-07A6-4532-951F-12C123A9E296}
	EndGlobalSection
EndGlobal
